
Microsoft Visual Studio Solution File, Format Version 12.00
# Visual Studio 15
VisualStudioVersion = 15.0.27130.2024
MinimumVisualStudioVersion = 10.0.40219.1
Project("{8BC9CEB8-8B4A-11D0-8D11-00A0C91BC942}") = "Recursion and how to use it", "Recursion and how to use it\Recursion and how to use it.vcxproj", "{D20CDE2B-0265-464A-A4AA-D1E2A26710A1}"
EndProject
Global
	GlobalSection(SolutionConfigurationPlatforms) = preSolution
		Debug|x64 = Debug|x64
		Debug|x86 = Debug|x86
		Release|x64 = Release|x64
		Release|x86 = Release|x86
	EndGlobalSection
	GlobalSection(ProjectConfigurationPlatforms) = postSolution
		{D20CDE2B-0265-464A-A4AA-D1E2A26710A1}.Debug|x64.ActiveCfg = Debug|x64
		{D20CDE2B-0265-464A-A4AA-D1E2A26710A1}.Debug|x64.Build.0 = Debug|x64
		{D20CDE2B-0265-464A-A4AA-D1E2A26710A1}.Debug|x86.ActiveCfg = Debug|Win32
		{D20CDE2B-0265-464A-A4AA-D1E2A26710A1}.Debug|x86.Build.0 = Debug|Win32
		{D20CDE2B-0265-464A-A4AA-D1E2A26710A1}.Release|x64.ActiveCfg = Release|x64
		{D20CDE2B-0265-464A-A4AA-D1E2A26710A1}.Release|x64.Build.0 = Release|x64
		{D20CDE2B-0265-464A-A4AA-D1E2A26710A1}.Release|x86.ActiveCfg = Release|Win32
		{D20CDE2B-0265-464A-A4AA-D1E2A26710A1}.Release|x86.Build.0 = Release|Win32
	EndGlobalSection
	GlobalSection(SolutionProperties) = preSolution
		HideSolutionNode = FALSE
	EndGlobalSection
	GlobalSection(ExtensibilityGlobals) = postSolution
		SolutionGuid = {D802CCA0-2687-4652-BE2F-B7D16418BC9D}
	EndGlobalSection
EndGlobal
